
Microsoft Visual Studio Solution File, Format Version 12.00
# Visual Studio Version 16
VisualStudioVersion = 16.0.30320.27
MinimumVisualStudioVersion = 10.0.40219.1
Project("{FAE04EC0-301F-11D3-BF4B-00C04F79EFBC}") = "LINQ", "LINQ.csproj", "{011614CA-6E05-452A-B2C3-20555662A3D3}"
EndProject
Global
	GlobalSection(SolutionConfigurationPlatforms) = preSolution
		Debug|Any CPU = Debug|Any CPU
		Release|Any CPU = Release|Any CPU
	EndGlobalSection
	GlobalSection(ProjectConfigurationPlatforms) = postSolution
		{011614CA-6E05-452A-B2C3-20555662A3D3}.Debug|Any CPU.ActiveCfg = Debug|Any CPU
		{011614CA-6E05-452A-B2C3-20555662A3D3}.Debug|Any CPU.Build.0 = Debug|Any CPU
		{011614CA-6E05-452A-B2C3-20555662A3D3}.Release|Any CPU.ActiveCfg = Release|Any CPU
		{011614CA-6E05-452A-B2C3-20555662A3D3}.Release|Any CPU.Build.0 = Release|Any CPU
	EndGlobalSection
	GlobalSection(SolutionProperties) = preSolution
		HideSolutionNode = FALSE
	EndGlobalSection
	GlobalSection(ExtensibilityGlobals) = postSolution
		SolutionGuid = {07E31A18-ADC8-4A1D-8B14-32A224D45C5E}
	EndGlobalSection
EndGlobal
